
Microsoft Visual Studio Solution File, Format Version 12.00
# Visual Studio Version 16
VisualStudioVersion = 16.0.31605.320
MinimumVisualStudioVersion = 10.0.40219.1
Project("{9A19103F-16F7-4668-BE54-9A1E7A4F7556}") = "TransactionsAPI", "TransactionsAPI\TransactionsAPI.csproj", "{CAA922F0-4C5F-4572-A3E7-D40312435E8D}"
	ProjectSection(ProjectDependencies) = postProject
		{DD363C45-69FC-470F-9B1A-3FA382200867} = {DD363C45-69FC-470F-9B1A-3FA382200867}
		{460888EE-813B-4541-8DDD-60EB71956919} = {460888EE-813B-4541-8DDD-60EB71956919}
	EndProjectSection
EndProject
Project("{FAE04EC0-301F-11D3-BF4B-00C04F79EFBC}") = "Application", "Application\Application.csproj", "{DD363C45-69FC-470F-9B1A-3FA382200867}"
EndProject
Project("{FAE04EC0-301F-11D3-BF4B-00C04F79EFBC}") = "Infrastructure", "Infrastructure\Infrastructure.csproj", "{460888EE-813B-4541-8DDD-60EB71956919}"
	ProjectSection(ProjectDependencies) = postProject
		{DD363C45-69FC-470F-9B1A-3FA382200867} = {DD363C45-69FC-470F-9B1A-3FA382200867}
	EndProjectSection
EndProject
Global
	GlobalSection(SolutionConfigurationPlatforms) = preSolution
		Debug|Any CPU = Debug|Any CPU
		Release|Any CPU = Release|Any CPU
	EndGlobalSection
	GlobalSection(ProjectConfigurationPlatforms) = postSolution
		{CAA922F0-4C5F-4572-A3E7-D40312435E8D}.Debug|Any CPU.ActiveCfg = Debug|Any CPU
		{CAA922F0-4C5F-4572-A3E7-D40312435E8D}.Debug|Any CPU.Build.0 = Debug|Any CPU
		{CAA922F0-4C5F-4572-A3E7-D40312435E8D}.Release|Any CPU.ActiveCfg = Release|Any CPU
		{CAA922F0-4C5F-4572-A3E7-D40312435E8D}.Release|Any CPU.Build.0 = Release|Any CPU
		{DD363C45-69FC-470F-9B1A-3FA382200867}.Debug|Any CPU.ActiveCfg = Debug|Any CPU
		{DD363C45-69FC-470F-9B1A-3FA382200867}.Debug|Any CPU.Build.0 = Debug|Any CPU
		{DD363C45-69FC-470F-9B1A-3FA382200867}.Release|Any CPU.ActiveCfg = Release|Any CPU
		{DD363C45-69FC-470F-9B1A-3FA382200867}.Release|Any CPU.Build.0 = Release|Any CPU
		{460888EE-813B-4541-8DDD-60EB71956919}.Debug|Any CPU.ActiveCfg = Debug|Any CPU
		{460888EE-813B-4541-8DDD-60EB71956919}.Debug|Any CPU.Build.0 = Debug|Any CPU
		{460888EE-813B-4541-8DDD-60EB71956919}.Release|Any CPU.ActiveCfg = Release|Any CPU
		{460888EE-813B-4541-8DDD-60EB71956919}.Release|Any CPU.Build.0 = Release|Any CPU
	EndGlobalSection
	GlobalSection(SolutionProperties) = preSolution
		HideSolutionNode = FALSE
	EndGlobalSection
	GlobalSection(ExtensibilityGlobals) = postSolution
		SolutionGuid = {744F10A5-B135-4B37-B5D3-14A4C21278C7}
	EndGlobalSection
EndGlobal
